// !$*UTF8*$!
{
	archiveVersion = 1;
	classes = {
	};
	objectVersion = 55;
	objects = {

/* Begin PBXBuildFile section */
		5A5D20822A0C869900AB3F59 /* AppDelegate.swift in Sources */ = {isa = PBXBuildFile; fileRef = 5A5D20812A0C869900AB3F59 /* AppDelegate.swift */; };
		5A5D20842A0C869900AB3F59 /* SceneDelegate.swift in Sources */ = {isa = PBXBuildFile; fileRef = 5A5D20832A0C869900AB3F59 /* SceneDelegate.swift */; };
		5A5D20862A0C869900AB3F59 /* ViewController.swift in Sources */ = {isa = PBXBuildFile; fileRef = 5A5D20852A0C869900AB3F59 /* ViewController.swift */; };
		5A5D208B2A0C869A00AB3F59 /* Assets.xcassets in Resources */ = {isa = PBXBuildFile; fileRef = 5A5D208A2A0C869A00AB3F59 /* Assets.xcassets */; };
		5A5D208E2A0C869A00AB3F59 /* LaunchScreen.storyboard in Resources */ = {isa = PBXBuildFile; fileRef = 5A5D208C2A0C869A00AB3F59 /* LaunchScreen.storyboard */; };
		5A5D20962A0C876200AB3F59 /* UIViewController+preview.swift in Sources */ = {isa = PBXBuildFile; fileRef = 5A5D20952A0C876200AB3F59 /* UIViewController+preview.swift */; };
		5A5D20982A0CA11F00AB3F59 /* CollectionViewCell.swift in Sources */ = {isa = PBXBuildFile; fileRef = 5A5D20972A0CA11F00AB3F59 /* CollectionViewCell.swift */; };
		5A5D209C2A0CA18600AB3F59 /* ViewExtenstion.swift in Sources */ = {isa = PBXBuildFile; fileRef = 5A5D209B2A0CA18600AB3F59 /* ViewExtenstion.swift */; };
		5A5D20A02A0CA65200AB3F59 /* MyHeader.swift in Sources */ = {isa = PBXBuildFile; fileRef = 5A5D209F2A0CA65200AB3F59 /* MyHeader.swift */; };
		5A627BDC2A395B6200741E09 /* Model.swift in Sources */ = {isa = PBXBuildFile; fileRef = 5A627BDB2A395B6200741E09 /* Model.swift */; };
		5AAA8A5F2A3ADA6300D9478D /* myjson.strings in Resources */ = {isa = PBXBuildFile; fileRef = 5AAA8A5E2A3ADA6300D9478D /* myjson.strings */; };
		5AAA8A612A3AED2900D9478D /* PhotoCell.swift in Sources */ = {isa = PBXBuildFile; fileRef = 5AAA8A602A3AED2900D9478D /* PhotoCell.swift */; };
		5AB2883E2A1DD45600059518 /* TagCell.swift in Sources */ = {isa = PBXBuildFile; fileRef = 5AB2883D2A1DD45600059518 /* TagCell.swift */; };
		5AD059CA2A3830D0006CB529 /* SecondViewController.swift in Sources */ = {isa = PBXBuildFile; fileRef = 5AD059C92A3830D0006CB529 /* SecondViewController.swift */; };
		5AD059CC2A38463B006CB529 /* ProfileHeaderCell.swift in Sources */ = {isa = PBXBuildFile; fileRef = 5AD059CB2A38463B006CB529 /* ProfileHeaderCell.swift */; };
		5AD059CE2A3846B0006CB529 /* ProfileHeaderCell.xib in Resources */ = {isa = PBXBuildFile; fileRef = 5AD059CD2A3846B0006CB529 /* ProfileHeaderCell.xib */; };
		5AD059D22A386E3F006CB529 /* StoryCell.xib in Resources */ = {isa = PBXBuildFile; fileRef = 5AD059D12A386E3F006CB529 /* StoryCell.xib */; };
		5AD059D42A386E47006CB529 /* StoryCell.swift in Sources */ = {isa = PBXBuildFile; fileRef = 5AD059D32A386E47006CB529 /* StoryCell.swift */; };
		5AD059D62A386FA3006CB529 /* PhotoHeaderCell.xib in Resources */ = {isa = PBXBuildFile; fileRef = 5AD059D52A386FA3006CB529 /* PhotoHeaderCell.xib */; };
		5AD059D82A386FAC006CB529 /* PhotoHeaderCell.swift in Sources */ = {isa = PBXBuildFile; fileRef = 5AD059D72A386FAC006CB529 /* PhotoHeaderCell.swift */; };
		B4FF883006636A4FCEA9C02A /* Pods_CompoPractice.framework in Frameworks */ = {isa = PBXBuildFile; fileRef = F0D0BA2EA28C1195D3CAAB4E /* Pods_CompoPractice.framework */; };
/* End PBXBuildFile section */

/* Begin PBXFileReference section */
		5A5D207E2A0C869900AB3F59 /* CompoPractice.app */ = {isa = PBXFileReference; explicitFileType = wrapper.application; includeInIndex = 0; path = CompoPractice.app; sourceTree = BUILT_PRODUCTS_DIR; };
		5A5D20812A0C869900AB3F59 /* AppDelegate.swift */ = {isa = PBXFileReference; lastKnownFileType = sourcecode.swift; path = AppDelegate.swift; sourceTree = "<group>"; };
		5A5D20832A0C869900AB3F59 /* SceneDelegate.swift */ = {isa = PBXFileReference; lastKnownFileType = sourcecode.swift; path = SceneDelegate.swift; sourceTree = "<group>"; };
		5A5D20852A0C869900AB3F59 /* ViewController.swift */ = {isa = PBXFileReference; lastKnownFileType = sourcecode.swift; path = ViewController.swift; sourceTree = "<group>"; };
		5A5D208A2A0C869A00AB3F59 /* Assets.xcassets */ = {isa = PBXFileReference; lastKnownFileType = folder.assetcatalog; path = Assets.xcassets; sourceTree = "<group>"; };
		5A5D208D2A0C869A00AB3F59 /* Base */ = {isa = PBXFileReference; lastKnownFileType = file.storyboard; name = Base; path = Base.lproj/LaunchScreen.storyboard; sourceTree = "<group>"; };
		5A5D208F2A0C869A00AB3F59 /* Info.plist */ = {isa = PBXFileReference; lastKnownFileType = text.plist.xml; path = Info.plist; sourceTree = "<group>"; };
		5A5D20952A0C876200AB3F59 /* UIViewController+preview.swift */ = {isa = PBXFileReference; lastKnownFileType = sourcecode.swift; path = "UIViewController+preview.swift"; sourceTree = "<group>"; };
		5A5D20972A0CA11F00AB3F59 /* CollectionViewCell.swift */ = {isa = PBXFileReference; lastKnownFileType = sourcecode.swift; path = CollectionViewCell.swift; sourceTree = "<group>"; };
		5A5D209B2A0CA18600AB3F59 /* ViewExtenstion.swift */ = {isa = PBXFileReference; lastKnownFileType = sourcecode.swift; path = ViewExtenstion.swift; sourceTree = "<group>"; };
		5A5D209F2A0CA65200AB3F59 /* MyHeader.swift */ = {isa = PBXFileReference; lastKnownFileType = sourcecode.swift; path = MyHeader.swift; sourceTree = "<group>"; };
		5A627BDB2A395B6200741E09 /* Model.swift */ = {isa = PBXFileReference; lastKnownFileType = sourcecode.swift; path = Model.swift; sourceTree = "<group>"; };
		5AAA8A5E2A3ADA6300D9478D /* myjson.strings */ = {isa = PBXFileReference; lastKnownFileType = text.plist.strings; path = myjson.strings; sourceTree = "<group>"; };
		5AAA8A602A3AED2900D9478D /* PhotoCell.swift */ = {isa = PBXFileReference; lastKnownFileType = sourcecode.swift; path = PhotoCell.swift; sourceTree = "<group>"; };
		5AB2883D2A1DD45600059518 /* TagCell.swift */ = {isa = PBXFileReference; lastKnownFileType = sourcecode.swift; path = TagCell.swift; sourceTree = "<group>"; };
		5AD059C92A3830D0006CB529 /* SecondViewController.swift */ = {isa = PBXFileReference; lastKnownFileType = sourcecode.swift; path = SecondViewController.swift; sourceTree = "<group>"; };
		5AD059CB2A38463B006CB529 /* ProfileHeaderCell.swift */ = {isa = PBXFileReference; lastKnownFileType = sourcecode.swift; path = ProfileHeaderCell.swift; sourceTree = "<group>"; };
		5AD059CD2A3846B0006CB529 /* ProfileHeaderCell.xib */ = {isa = PBXFileReference; lastKnownFileType = file.xib; path = ProfileHeaderCell.xib; sourceTree = "<group>"; };
		5AD059D12A386E3F006CB529 /* StoryCell.xib */ = {isa = PBXFileReference; lastKnownFileType = file.xib; path = StoryCell.xib; sourceTree = "<group>"; };
		5AD059D32A386E47006CB529 /* StoryCell.swift */ = {isa = PBXFileReference; lastKnownFileType = sourcecode.swift; path = StoryCell.swift; sourceTree = "<group>"; };
		5AD059D52A386FA3006CB529 /* PhotoHeaderCell.xib */ = {isa = PBXFileReference; lastKnownFileType = file.xib; path = PhotoHeaderCell.xib; sourceTree = "<group>"; };
		5AD059D72A386FAC006CB529 /* PhotoHeaderCell.swift */ = {isa = PBXFileReference; lastKnownFileType = sourcecode.swift; path = PhotoHeaderCell.swift; sourceTree = "<group>"; };
		D043BCAEB049617CA78E75B1 /* Pods-CompoPractice.debug.xcconfig */ = {isa = PBXFileReference; includeInIndex = 1; lastKnownFileType = text.xcconfig; name = "Pods-CompoPractice.debug.xcconfig"; path = "Target Support Files/Pods-CompoPractice/Pods-CompoPractice.debug.xcconfig"; sourceTree = "<group>"; };
		F0D0BA2EA28C1195D3CAAB4E /* Pods_CompoPractice.framework */ = {isa = PBXFileReference; explicitFileType = wrapper.framework; includeInIndex = 0; path = Pods_CompoPractice.framework; sourceTree = BUILT_PRODUCTS_DIR; };
		F39E165B9E7C4B28168A616A /* Pods-CompoPractice.release.xcconfig */ = {isa = PBXFileReference; includeInIndex = 1; lastKnownFileType = text.xcconfig; name = "Pods-CompoPractice.release.xcconfig"; path = "Target Support Files/Pods-CompoPractice/Pods-CompoPractice.release.xcconfig"; sourceTree = "<group>"; };
/* End PBXFileReference section */

/* Begin PBXFrameworksBuildPhase section */
		5A5D207B2A0C869900AB3F59 /* Frameworks */ = {
			isa = PBXFrameworksBuildPhase;
			buildActionMask = 2147483647;
			files = (
				B4FF883006636A4FCEA9C02A /* Pods_CompoPractice.framework in Frameworks */,
			);
			runOnlyForDeploymentPostprocessing = 0;
		};
/* End PBXFrameworksBuildPhase section */

/* Begin PBXGroup section */
		2F2A7A8750F530E2145B94FA /* Pods */ = {
			isa = PBXGroup;
			children = (
				D043BCAEB049617CA78E75B1 /* Pods-CompoPractice.debug.xcconfig */,
				F39E165B9E7C4B28168A616A /* Pods-CompoPractice.release.xcconfig */,
			);
			path = Pods;
			sourceTree = "<group>";
		};
		3C50AD0E606C154C504B7BFB /* Frameworks */ = {
			isa = PBXGroup;
			children = (
				F0D0BA2EA28C1195D3CAAB4E /* Pods_CompoPractice.framework */,
			);
			name = Frameworks;
			sourceTree = "<group>";
		};
		5A5D20752A0C869900AB3F59 = {
			isa = PBXGroup;
			children = (
				5A5D20802A0C869900AB3F59 /* CompoPractice */,
				5A5D207F2A0C869900AB3F59 /* Products */,
				2F2A7A8750F530E2145B94FA /* Pods */,
				3C50AD0E606C154C504B7BFB /* Frameworks */,
			);
			sourceTree = "<group>";
		};
		5A5D207F2A0C869900AB3F59 /* Products */ = {
			isa = PBXGroup;
			children = (
				5A5D207E2A0C869900AB3F59 /* CompoPractice.app */,
			);
			name = Products;
			sourceTree = "<group>";
		};
		5A5D20802A0C869900AB3F59 /* CompoPractice */ = {
			isa = PBXGroup;
			children = (
				5A5D208F2A0C869A00AB3F59 /* Info.plist */,
				5AD059C82A3830B2006CB529 /* Resource */,
				5AD059C72A38309A006CB529 /* App */,
				5AD059C62A383091006CB529 /* First */,
				5AD059C52A383086006CB529 /* Second */,
				5A627BDD2A398B2200741E09 /* Third */,
			);
			path = CompoPractice;
			sourceTree = "<group>";
		};
		5A627BDD2A398B2200741E09 /* Third */ = {
			isa = PBXGroup;
			children = (
			);
			path = Third;
			sourceTree = "<group>";
		};
		5AD059C52A383086006CB529 /* Second */ = {
			isa = PBXGroup;
			children = (
				5AD059C92A3830D0006CB529 /* SecondViewController.swift */,
				5AAA8A5E2A3ADA6300D9478D /* myjson.strings */,
				5AD059CB2A38463B006CB529 /* ProfileHeaderCell.swift */,
				5AD059CD2A3846B0006CB529 /* ProfileHeaderCell.xib */,
				5AD059D12A386E3F006CB529 /* StoryCell.xib */,
				5AD059D32A386E47006CB529 /* StoryCell.swift */,
				5AD059D52A386FA3006CB529 /* PhotoHeaderCell.xib */,
				5AD059D72A386FAC006CB529 /* PhotoHeaderCell.swift */,
				5A627BDB2A395B6200741E09 /* Model.swift */,
				5AAA8A602A3AED2900D9478D /* PhotoCell.swift */,
			);
			path = Second;
			sourceTree = "<group>";
		};
		5AD059C62A383091006CB529 /* First */ = {
			isa = PBXGroup;
			children = (
				5A5D20952A0C876200AB3F59 /* UIViewController+preview.swift */,
				5A5D20852A0C869900AB3F59 /* ViewController.swift */,
				5A5D20972A0CA11F00AB3F59 /* CollectionViewCell.swift */,
				5A5D209B2A0CA18600AB3F59 /* ViewExtenstion.swift */,
				5A5D209F2A0CA65200AB3F59 /* MyHeader.swift */,
				5AB2883D2A1DD45600059518 /* TagCell.swift */,
			);
			path = First;
			sourceTree = "<group>";
		};
		5AD059C72A38309A006CB529 /* App */ = {
			isa = PBXGroup;
			children = (
				5A5D20812A0C869900AB3F59 /* AppDelegate.swift */,
				5A5D20832A0C869900AB3F59 /* SceneDelegate.swift */,
				5A5D208C2A0C869A00AB3F59 /* LaunchScreen.storyboard */,
			);
			path = App;
			sourceTree = "<group>";
		};
		5AD059C82A3830B2006CB529 /* Resource */ = {
			isa = PBXGroup;
			children = (
				5A5D208A2A0C869A00AB3F59 /* Assets.xcassets */,
			);
			path = Resource;
			sourceTree = "<group>";
		};
/* End PBXGroup section */

/* Begin PBXNativeTarget section */
		5A5D207D2A0C869900AB3F59 /* CompoPractice */ = {
			isa = PBXNativeTarget;
			buildConfigurationList = 5A5D20922A0C869A00AB3F59 /* Build configuration list for PBXNativeTarget "CompoPractice" */;
			buildPhases = (
				88D9FF634360D7796325B4DD /* [CP] Check Pods Manifest.lock */,
				5A5D207A2A0C869900AB3F59 /* Sources */,
				5A5D207B2A0C869900AB3F59 /* Frameworks */,
				5A5D207C2A0C869900AB3F59 /* Resources */,
				552A378BA85DA1A274D41B1B /* [CP] Embed Pods Frameworks */,
			);
			buildRules = (
			);
			dependencies = (
			);
			name = CompoPractice;
			productName = CompoPractice;
			productReference = 5A5D207E2A0C869900AB3F59 /* CompoPractice.app */;
			productType = "com.apple.product-type.application";
		};
/* End PBXNativeTarget section */

/* Begin PBXProject section */
		5A5D20762A0C869900AB3F59 /* Project object */ = {
			isa = PBXProject;
			attributes = {
				BuildIndependentTargetsInParallel = 1;
				LastSwiftUpdateCheck = 1430;
				LastUpgradeCheck = 1430;
				TargetAttributes = {
					5A5D207D2A0C869900AB3F59 = {
						CreatedOnToolsVersion = 14.3;
					};
				};
			};
			buildConfigurationList = 5A5D20792A0C869900AB3F59 /* Build configuration list for PBXProject "CompoPractice" */;
			compatibilityVersion = "Xcode 13.0";
			developmentRegion = en;
			hasScannedForEncodings = 0;
			knownRegions = (
				en,
				Base,
			);
			mainGroup = 5A5D20752A0C869900AB3F59;
			productRefGroup = 5A5D207F2A0C869900AB3F59 /* Products */;
			projectDirPath = "";
			projectRoot = "";
			targets = (
				5A5D207D2A0C869900AB3F59 /* CompoPractice */,
			);
		};
/* End PBXProject section */

/* Begin PBXResourcesBuildPhase section */
		5A5D207C2A0C869900AB3F59 /* Resources */ = {
			isa = PBXResourcesBuildPhase;
			buildActionMask = 2147483647;
			files = (
				5AD059CE2A3846B0006CB529 /* ProfileHeaderCell.xib in Resources */,
				5AD059D62A386FA3006CB529 /* PhotoHeaderCell.xib in Resources */,
				5AAA8A5F2A3ADA6300D9478D /* myjson.strings in Resources */,
				5A5D208E2A0C869A00AB3F59 /* LaunchScreen.storyboard in Resources */,
				5A5D208B2A0C869A00AB3F59 /* Assets.xcassets in Resources */,
				5AD059D22A386E3F006CB529 /* StoryCell.xib in Resources */,
			);
			runOnlyForDeploymentPostprocessing = 0;
		};
/* End PBXResourcesBuildPhase section */

/* Begin PBXShellScriptBuildPhase section */
		552A378BA85DA1A274D41B1B /* [CP] Embed Pods Frameworks */ = {
			isa = PBXShellScriptBuildPhase;
			buildActionMask = 2147483647;
			files = (
			);
			inputFileListPaths = (
				"${PODS_ROOT}/Target Support Files/Pods-CompoPractice/Pods-CompoPractice-frameworks-${CONFIGURATION}-input-files.xcfilelist",
			);
			name = "[CP] Embed Pods Frameworks";
			outputFileListPaths = (
				"${PODS_ROOT}/Target Support Files/Pods-CompoPractice/Pods-CompoPractice-frameworks-${CONFIGURATION}-output-files.xcfilelist",
			);
			runOnlyForDeploymentPostprocessing = 0;
			shellPath = /bin/sh;
			shellScript = "\"${PODS_ROOT}/Target Support Files/Pods-CompoPractice/Pods-CompoPractice-frameworks.sh\"\n";
			showEnvVarsInLog = 0;
		};
		88D9FF634360D7796325B4DD /* [CP] Check Pods Manifest.lock */ = {
			isa = PBXShellScriptBuildPhase;
			buildActionMask = 2147483647;
			files = (
			);
			inputFileListPaths = (
			);
			inputPaths = (
				"${PODS_PODFILE_DIR_PATH}/Podfile.lock",
				"${PODS_ROOT}/Manifest.lock",
			);
			name = "[CP] Check Pods Manifest.lock";
			outputFileListPaths = (
			);
			outputPaths = (
				"$(DERIVED_FILE_DIR)/Pods-CompoPractice-checkManifestLockResult.txt",
			);
			runOnlyForDeploymentPostprocessing = 0;
			shellPath = /bin/sh;
			shellScript = "diff \"${PODS_PODFILE_DIR_PATH}/Podfile.lock\" \"${PODS_ROOT}/Manifest.lock\" > /dev/null\nif [ $? != 0 ] ; then\n    # print error to STDERR\n    echo \"error: The sandbox is not in sync with the Podfile.lock. Run 'pod install' or update your CocoaPods installation.\" >&2\n    exit 1\nfi\n# This output is used by Xcode 'outputs' to avoid re-running this script phase.\necho \"SUCCESS\" > \"${SCRIPT_OUTPUT_FILE_0}\"\n";
			showEnvVarsInLog = 0;
		};
/* End PBXShellScriptBuildPhase section */

/* Begin PBXSourcesBuildPhase section */
		5A5D207A2A0C869900AB3F59 /* Sources */ = {
			isa = PBXSourcesBuildPhase;
			buildActionMask = 2147483647;
			files = (
				5AAA8A612A3AED2900D9478D /* PhotoCell.swift in Sources */,
				5A5D20982A0CA11F00AB3F59 /* CollectionViewCell.swift in Sources */,
				5A5D20A02A0CA65200AB3F59 /* MyHeader.swift in Sources */,
				5A5D20862A0C869900AB3F59 /* ViewController.swift in Sources */,
				5AD059D82A386FAC006CB529 /* PhotoHeaderCell.swift in Sources */,
				5AD059CA2A3830D0006CB529 /* SecondViewController.swift in Sources */,
				5A5D20822A0C869900AB3F59 /* AppDelegate.swift in Sources */,
				5A627BDC2A395B6200741E09 /* Model.swift in Sources */,
				5AB2883E2A1DD45600059518 /* TagCell.swift in Sources */,
				5AD059CC2A38463B006CB529 /* ProfileHeaderCell.swift in Sources */,
				5A5D209C2A0CA18600AB3F59 /* ViewExtenstion.swift in Sources */,
				5A5D20842A0C869900AB3F59 /* SceneDelegate.swift in Sources */,
				5AD059D42A386E47006CB529 /* StoryCell.swift in Sources */,
				5A5D20962A0C876200AB3F59 /* UIViewController+preview.swift in Sources */,
			);
			runOnlyForDeploymentPostprocessing = 0;
		};
/* End PBXSourcesBuildPhase section */

/* Begin PBXVariantGroup section */
		5A5D208C2A0C869A00AB3F59 /* LaunchScreen.storyboard */ = {
			isa = PBXVariantGroup;
			children = (
				5A5D208D2A0C869A00AB3F59 /* Base */,
			);
			name = LaunchScreen.storyboard;
			sourceTree = "<group>";
		};
/* End PBXVariantGroup section */

/* Begin XCBuildConfiguration section */
		5A5D20902A0C869A00AB3F59 /* Debug */ = {
			isa = XCBuildConfiguration;
			buildSettings = {
				ALWAYS_SEARCH_USER_PATHS = NO;
				CLANG_ANALYZER_NONNULL = YES;
				CLANG_ANALYZER_NUMBER_OBJECT_CONVERSION = YES_AGGRESSIVE;
				CLANG_CXX_LANGUAGE_STANDARD = "gnu++20";
				CLANG_ENABLE_MODULES = YES;
				CLANG_ENABLE_OBJC_ARC = YES;
				CLANG_ENABLE_OBJC_WEAK = YES;
				CLANG_WARN_BLOCK_CAPTURE_AUTORELEASING = YES;
				CLANG_WARN_BOOL_CONVERSION = YES;
				CLANG_WARN_COMMA = YES;
				CLANG_WARN_CONSTANT_CONVERSION = YES;
				CLANG_WARN_DEPRECATED_OBJC_IMPLEMENTATIONS = YES;
				CLANG_WARN_DIRECT_OBJC_ISA_USAGE = YES_ERROR;
				CLANG_WARN_DOCUMENTATION_COMMENTS = YES;
				CLANG_WARN_EMPTY_BODY = YES;
				CLANG_WARN_ENUM_CONVERSION = YES;
				CLANG_WARN_INFINITE_RECURSION = YES;
				CLANG_WARN_INT_CONVERSION = YES;
				CLANG_WARN_NON_LITERAL_NULL_CONVERSION = YES;
				CLANG_WARN_OBJC_IMPLICIT_RETAIN_SELF = YES;
				CLANG_WARN_OBJC_LITERAL_CONVERSION = YES;
				CLANG_WARN_OBJC_ROOT_CLASS = YES_ERROR;
				CLANG_WARN_QUOTED_INCLUDE_IN_FRAMEWORK_HEADER = YES;
				CLANG_WARN_RANGE_LOOP_ANALYSIS = YES;
				CLANG_WARN_STRICT_PROTOTYPES = YES;
				CLANG_WARN_SUSPICIOUS_MOVE = YES;
				CLANG_WARN_UNGUARDED_AVAILABILITY = YES_AGGRESSIVE;
				CLANG_WARN_UNREACHABLE_CODE = YES;
				CLANG_WARN__DUPLICATE_METHOD_MATCH = YES;
				COPY_PHASE_STRIP = NO;
				DEBUG_INFORMATION_FORMAT = dwarf;
				ENABLE_STRICT_OBJC_MSGSEND = YES;
				ENABLE_TESTABILITY = YES;
				GCC_C_LANGUAGE_STANDARD = gnu11;
				GCC_DYNAMIC_NO_PIC = NO;
				GCC_NO_COMMON_BLOCKS = YES;
				GCC_OPTIMIZATION_LEVEL = 0;
				GCC_PREPROCESSOR_DEFINITIONS = (
					"DEBUG=1",
					"$(inherited)",
				);
				GCC_WARN_64_TO_32_BIT_CONVERSION = YES;
				GCC_WARN_ABOUT_RETURN_TYPE = YES_ERROR;
				GCC_WARN_UNDECLARED_SELECTOR = YES;
				GCC_WARN_UNINITIALIZED_AUTOS = YES_AGGRESSIVE;
				GCC_WARN_UNUSED_FUNCTION = YES;
				GCC_WARN_UNUSED_VARIABLE = YES;
				IPHONEOS_DEPLOYMENT_TARGET = 16.4;
				MTL_ENABLE_DEBUG_INFO = INCLUDE_SOURCE;
				MTL_FAST_MATH = YES;
				ONLY_ACTIVE_ARCH = YES;
				SDKROOT = iphoneos;
				SWIFT_ACTIVE_COMPILATION_CONDITIONS = DEBUG;
				SWIFT_OPTIMIZATION_LEVEL = "-Onone";
			};
			name = Debug;
		};
		5A5D20912A0C869A00AB3F59 /* Release */ = {
			isa = XCBuildConfiguration;
			buildSettings = {
				ALWAYS_SEARCH_USER_PATHS = NO;
				CLANG_ANALYZER_NONNULL = YES;
				CLANG_ANALYZER_NUMBER_OBJECT_CONVERSION = YES_AGGRESSIVE;
				CLANG_CXX_LANGUAGE_STANDARD = "gnu++20";
				CLANG_ENABLE_MODULES = YES;
				CLANG_ENABLE_OBJC_ARC = YES;
				CLANG_ENABLE_OBJC_WEAK = YES;
				CLANG_WARN_BLOCK_CAPTURE_AUTORELEASING = YES;
				CLANG_WARN_BOOL_CONVERSION = YES;
				CLANG_WARN_COMMA = YES;
				CLANG_WARN_CONSTANT_CONVERSION = YES;
				CLANG_WARN_DEPRECATED_OBJC_IMPLEMENTATIONS = YES;
				CLANG_WARN_DIRECT_OBJC_ISA_USAGE = YES_ERROR;
				CLANG_WARN_DOCUMENTATION_COMMENTS = YES;
				CLANG_WARN_EMPTY_BODY = YES;
				CLANG_WARN_ENUM_CONVERSION = YES;
				CLANG_WARN_INFINITE_RECURSION = YES;
				CLANG_WARN_INT_CONVERSION = YES;
				CLANG_WARN_NON_LITERAL_NULL_CONVERSION = YES;
				CLANG_WARN_OBJC_IMPLICIT_RETAIN_SELF = YES;
				CLANG_WARN_OBJC_LITERAL_CONVERSION = YES;
				CLANG_WARN_OBJC_ROOT_CLASS = YES_ERROR;
				CLANG_WARN_QUOTED_INCLUDE_IN_FRAMEWORK_HEADER = YES;
				CLANG_WARN_RANGE_LOOP_ANALYSIS = YES;
				CLANG_WARN_STRICT_PROTOTYPES = YES;
				CLANG_WARN_SUSPICIOUS_MOVE = YES;
				CLANG_WARN_UNGUARDED_AVAILABILITY = YES_AGGRESSIVE;
				CLANG_WARN_UNREACHABLE_CODE = YES;
				CLANG_WARN__DUPLICATE_METHOD_MATCH = YES;
				COPY_PHASE_STRIP = NO;
				DEBUG_INFORMATION_FORMAT = "dwarf-with-dsym";
				ENABLE_NS_ASSERTIONS = NO;
				ENABLE_STRICT_OBJC_MSGSEND = YES;
				GCC_C_LANGUAGE_STANDARD = gnu11;
				GCC_NO_COMMON_BLOCKS = YES;
				GCC_WARN_64_TO_32_BIT_CONVERSION = YES;
				GCC_WARN_ABOUT_RETURN_TYPE = YES_ERROR;
				GCC_WARN_UNDECLARED_SELECTOR = YES;
				GCC_WARN_UNINITIALIZED_AUTOS = YES_AGGRESSIVE;
				GCC_WARN_UNUSED_FUNCTION = YES;
				GCC_WARN_UNUSED_VARIABLE = YES;
				IPHONEOS_DEPLOYMENT_TARGET = 16.4;
				MTL_ENABLE_DEBUG_INFO = NO;
				MTL_FAST_MATH = YES;
				SDKROOT = iphoneos;
				SWIFT_COMPILATION_MODE = wholemodule;
				SWIFT_OPTIMIZATION_LEVEL = "-O";
				VALIDATE_PRODUCT = YES;
			};
			name = Release;
		};
		5A5D20932A0C869A00AB3F59 /* Debug */ = {
			isa = XCBuildConfiguration;
			baseConfigurationReference = D043BCAEB049617CA78E75B1 /* Pods-CompoPractice.debug.xcconfig */;
			buildSettings = {
				ASSETCATALOG_COMPILER_APPICON_NAME = AppIcon;
				ASSETCATALOG_COMPILER_GLOBAL_ACCENT_COLOR_NAME = AccentColor;
				CODE_SIGN_STYLE = Automatic;
				CURRENT_PROJECT_VERSION = 1;
				GENERATE_INFOPLIST_FILE = YES;
				INFOPLIST_FILE = CompoPractice/Info.plist;
				INFOPLIST_KEY_UIApplicationSupportsIndirectInputEvents = YES;
				INFOPLIST_KEY_UILaunchStoryboardName = LaunchScreen;
				INFOPLIST_KEY_UISupportedInterfaceOrientations_iPad = "UIInterfaceOrientationPortrait UIInterfaceOrientationPortraitUpsideDown UIInterfaceOrientationLandscapeLeft UIInterfaceOrientationLandscapeRight";
				INFOPLIST_KEY_UISupportedInterfaceOrientations_iPhone = "UIInterfaceOrientationPortrait UIInterfaceOrientationLandscapeLeft UIInterfaceOrientationLandscapeRight";
				IPHONEOS_DEPLOYMENT_TARGET = 15.6;
				LD_RUNPATH_SEARCH_PATHS = (
					"$(inherited)",
					"@executable_path/Frameworks",
				);
				MARKETING_VERSION = 1.0;
				PRODUCT_BUNDLE_IDENTIFIER = kindsoft.CompoPractice;
				PRODUCT_NAME = "$(TARGET_NAME)";
				SWIFT_EMIT_LOC_STRINGS = YES;
				SWIFT_VERSION = 5.0;
				TARGETED_DEVICE_FAMILY = "1,2";
			};
			name = Debug;
		};
		5A5D20942A0C869A00AB3F59 /* Release */ = {
			isa = XCBuildConfiguration;
			baseConfigurationReference = F39E165B9E7C4B28168A616A /* Pods-CompoPractice.release.xcconfig */;
			buildSettings = {
				ASSETCATALOG_COMPILER_APPICON_NAME = AppIcon;
				ASSETCATALOG_COMPILER_GLOBAL_ACCENT_COLOR_NAME = AccentColor;
				CODE_SIGN_STYLE = Automatic;
				CURRENT_PROJECT_VERSION = 1;
				GENERATE_INFOPLIST_FILE = YES;
				INFOPLIST_FILE = CompoPractice/Info.plist;
				INFOPLIST_KEY_UIApplicationSupportsIndirectInputEvents = YES;
				INFOPLIST_KEY_UILaunchStoryboardName = LaunchScreen;
				INFOPLIST_KEY_UISupportedInterfaceOrientations_iPad = "UIInterfaceOrientationPortrait UIInterfaceOrientationPortraitUpsideDown UIInterfaceOrientationLandscapeLeft UIInterfaceOrientationLandscapeRight";
				INFOPLIST_KEY_UISupportedInterfaceOrientations_iPhone = "UIInterfaceOrientationPortrait UIInterfaceOrientationLandscapeLeft UIInterfaceOrientationLandscapeRight";
				IPHONEOS_DEPLOYMENT_TARGET = 15.6;
				LD_RUNPATH_SEARCH_PATHS = (
					"$(inherited)",
					"@executable_path/Frameworks",
				);
				MARKETING_VERSION = 1.0;
				PRODUCT_BUNDLE_IDENTIFIER = kindsoft.CompoPractice;
				PRODUCT_NAME = "$(TARGET_NAME)";
				SWIFT_EMIT_LOC_STRINGS = YES;
				SWIFT_VERSION = 5.0;
				TARGETED_DEVICE_FAMILY = "1,2";
			};
			name = Release;
		};
/* End XCBuildConfiguration section */

/* Begin XCConfigurationList section */
		5A5D20792A0C869900AB3F59 /* Build configuration list for PBXProject "CompoPractice" */ = {
			isa = XCConfigurationList;
			buildConfigurations = (
				5A5D20902A0C869A00AB3F59 /* Debug */,
				5A5D20912A0C869A00AB3F59 /* Release */,
			);
			defaultConfigurationIsVisible = 0;
			defaultConfigurationName = Release;
		};
		5A5D20922A0C869A00AB3F59 /* Build configuration list for PBXNativeTarget "CompoPractice" */ = {
			isa = XCConfigurationList;
			buildConfigurations = (
				5A5D20932A0C869A00AB3F59 /* Debug */,
				5A5D20942A0C869A00AB3F59 /* Release */,
			);
			defaultConfigurationIsVisible = 0;
			defaultConfigurationName = Release;
		};
/* End XCConfigurationList section */
	};
	rootObject = 5A5D20762A0C869900AB3F59 /* Project object */;
}
